
Microsoft Visual Studio Solution File, Format Version 12.00
Project("{2150E333-8FDC-42A3-9474-1A3956D46DE8}") = "src", "src", "{5CBEF274-4E01-4104-93D9-648F78E7214B}"
EndProject
Project("{2150E333-8FDC-42A3-9474-1A3956D46DE8}") = "tests", "tests", "{2EBE4B54-0679-4409-861E-BA9B9BF0673A}"
EndProject
Project("{FAE04EC0-301F-11D3-BF4B-00C04F79EFBC}") = "MyProject", "src\MyProject\MyProject.csproj", "{192F0849-EC98-48C5-B88D-DA06D05A457D}"
EndProject
Project("{FAE04EC0-301F-11D3-BF4B-00C04F79EFBC}") = "MyProject.Tests", "tests\MyProject.Tests\MyProject.Tests.csproj", "{4822D7B8-C60F-4D75-A05A-81ED383408FB}"
EndProject
Global
	GlobalSection(SolutionConfigurationPlatforms) = preSolution
		Debug|Any CPU = Debug|Any CPU
		Release|Any CPU = Release|Any CPU
	EndGlobalSection
	GlobalSection(NestedProjects) = preSolution
		{192F0849-EC98-48C5-B88D-DA06D05A457D} = {5CBEF274-4E01-4104-93D9-648F78E7214B}
		{4822D7B8-C60F-4D75-A05A-81ED383408FB} = {2EBE4B54-0679-4409-861E-BA9B9BF0673A}
	EndGlobalSection
	GlobalSection(ProjectConfigurationPlatforms) = postSolution
		{192F0849-EC98-48C5-B88D-DA06D05A457D}.Debug|Any CPU.ActiveCfg = Debug|Any CPU
		{192F0849-EC98-48C5-B88D-DA06D05A457D}.Debug|Any CPU.Build.0 = Debug|Any CPU
		{192F0849-EC98-48C5-B88D-DA06D05A457D}.Release|Any CPU.ActiveCfg = Release|Any CPU
		{192F0849-EC98-48C5-B88D-DA06D05A457D}.Release|Any CPU.Build.0 = Release|Any CPU
		{4822D7B8-C60F-4D75-A05A-81ED383408FB}.Debug|Any CPU.ActiveCfg = Debug|Any CPU
		{4822D7B8-C60F-4D75-A05A-81ED383408FB}.Debug|Any CPU.Build.0 = Debug|Any CPU
		{4822D7B8-C60F-4D75-A05A-81ED383408FB}.Release|Any CPU.ActiveCfg = Release|Any CPU
		{4822D7B8-C60F-4D75-A05A-81ED383408FB}.Release|Any CPU.Build.0 = Release|Any CPU
	EndGlobalSection
EndGlobal
